// !$*UTF8*$!
{
	archiveVersion = 1;
	classes = {
	};
	objectVersion = 56;
	objects = {

/* Begin PBXBuildFile section */
		1BF9C5D12BD6BFA6009D73F4 /* barcode_scannerApp.swift in Sources */ = {isa = PBXBuildFile; fileRef = 1BF9C5D02BD6BFA6009D73F4 /* barcode_scannerApp.swift */; };
		1BF9C5D32BD6BFA6009D73F4 /* BarcodeScannerView.swift in Sources */ = {isa = PBXBuildFile; fileRef = 1BF9C5D22BD6BFA6009D73F4 /* BarcodeScannerView.swift */; };
		1BF9C5D52BD6BFA7009D73F4 /* Assets.xcassets in Resources */ = {isa = PBXBuildFile; fileRef = 1BF9C5D42BD6BFA7009D73F4 /* Assets.xcassets */; };
		1BF9C5D82BD6BFA7009D73F4 /* Preview Assets.xcassets in Resources */ = {isa = PBXBuildFile; fileRef = 1BF9C5D72BD6BFA7009D73F4 /* Preview Assets.xcassets */; };
		1BF9C5DF2BD6C375009D73F4 /* ScannerViewController.swift in Sources */ = {isa = PBXBuildFile; fileRef = 1BF9C5DE2BD6C375009D73F4 /* ScannerViewController.swift */; };
		1BF9C5E12BD6CB15009D73F4 /* ScannerView.swift in Sources */ = {isa = PBXBuildFile; fileRef = 1BF9C5E02BD6CB15009D73F4 /* ScannerView.swift */; };
		1BF9C5E32BD6CEAD009D73F4 /* BarcodeScannerViewModel.swift in Sources */ = {isa = PBXBuildFile; fileRef = 1BF9C5E22BD6CEAD009D73F4 /* BarcodeScannerViewModel.swift */; };
		1BF9C5E52BD6D153009D73F4 /* Alert.swift in Sources */ = {isa = PBXBuildFile; fileRef = 1BF9C5E42BD6D153009D73F4 /* Alert.swift */; };
/* End PBXBuildFile section */

/* Begin PBXFileReference section */
		1BF9C5CD2BD6BFA6009D73F4 /* barcode-scanner.app */ = {isa = PBXFileReference; explicitFileType = wrapper.application; includeInIndex = 0; path = "barcode-scanner.app"; sourceTree = BUILT_PRODUCTS_DIR; };
		1BF9C5D02BD6BFA6009D73F4 /* barcode_scannerApp.swift */ = {isa = PBXFileReference; lastKnownFileType = sourcecode.swift; path = barcode_scannerApp.swift; sourceTree = "<group>"; };
		1BF9C5D22BD6BFA6009D73F4 /* BarcodeScannerView.swift */ = {isa = PBXFileReference; lastKnownFileType = sourcecode.swift; path = BarcodeScannerView.swift; sourceTree = "<group>"; };
		1BF9C5D42BD6BFA7009D73F4 /* Assets.xcassets */ = {isa = PBXFileReference; lastKnownFileType = folder.assetcatalog; path = Assets.xcassets; sourceTree = "<group>"; };
		1BF9C5D72BD6BFA7009D73F4 /* Preview Assets.xcassets */ = {isa = PBXFileReference; lastKnownFileType = folder.assetcatalog; path = "Preview Assets.xcassets"; sourceTree = "<group>"; };
		1BF9C5DE2BD6C375009D73F4 /* ScannerViewController.swift */ = {isa = PBXFileReference; lastKnownFileType = sourcecode.swift; path = ScannerViewController.swift; sourceTree = "<group>"; };
		1BF9C5E02BD6CB15009D73F4 /* ScannerView.swift */ = {isa = PBXFileReference; lastKnownFileType = sourcecode.swift; path = ScannerView.swift; sourceTree = "<group>"; };
		1BF9C5E22BD6CEAD009D73F4 /* BarcodeScannerViewModel.swift */ = {isa = PBXFileReference; lastKnownFileType = sourcecode.swift; path = BarcodeScannerViewModel.swift; sourceTree = "<group>"; };
		1BF9C5E42BD6D153009D73F4 /* Alert.swift */ = {isa = PBXFileReference; lastKnownFileType = sourcecode.swift; path = Alert.swift; sourceTree = "<group>"; };
/* End PBXFileReference section */

/* Begin PBXFrameworksBuildPhase section */
		1BF9C5CA2BD6BFA6009D73F4 /* Frameworks */ = {
			isa = PBXFrameworksBuildPhase;
			buildActionMask = 2147483647;
			files = (
			);
			runOnlyForDeploymentPostprocessing = 0;
		};
/* End PBXFrameworksBuildPhase section */

/* Begin PBXGroup section */
		1BF9C5C42BD6BFA6009D73F4 = {
			isa = PBXGroup;
			children = (
				1BF9C5CF2BD6BFA6009D73F4 /* barcode-scanner */,
				1BF9C5CE2BD6BFA6009D73F4 /* Products */,
			);
			sourceTree = "<group>";
		};
		1BF9C5CE2BD6BFA6009D73F4 /* Products */ = {
			isa = PBXGroup;
			children = (
				1BF9C5CD2BD6BFA6009D73F4 /* barcode-scanner.app */,
			);
			name = Products;
			sourceTree = "<group>";
		};
		1BF9C5CF2BD6BFA6009D73F4 /* barcode-scanner */ = {
			isa = PBXGroup;
			children = (
				1BF9C5EA2BD6D257009D73F4 /* Utilities */,
				1BF9C5E82BD6D209009D73F4 /* Views */,
				1BF9C5E62BD6D1BE009D73F4 /* Screens */,
				1BF9C5D02BD6BFA6009D73F4 /* barcode_scannerApp.swift */,
				1BF9C5D42BD6BFA7009D73F4 /* Assets.xcassets */,
				1BF9C5D62BD6BFA7009D73F4 /* Preview Content */,
			);
			path = "barcode-scanner";
			sourceTree = "<group>";
		};
		1BF9C5D62BD6BFA7009D73F4 /* Preview Content */ = {
			isa = PBXGroup;
			children = (
				1BF9C5D72BD6BFA7009D73F4 /* Preview Assets.xcassets */,
			);
			path = "Preview Content";
			sourceTree = "<group>";
		};
		1BF9C5E62BD6D1BE009D73F4 /* Screens */ = {
			isa = PBXGroup;
			children = (
				1BF9C5E72BD6D1D1009D73F4 /* BarcodeScanner */,
			);
			path = Screens;
			sourceTree = "<group>";
		};
		1BF9C5E72BD6D1D1009D73F4 /* BarcodeScanner */ = {
			isa = PBXGroup;
			children = (
				1BF9C5D22BD6BFA6009D73F4 /* BarcodeScannerView.swift */,
				1BF9C5E22BD6CEAD009D73F4 /* BarcodeScannerViewModel.swift */,
			);
			path = BarcodeScanner;
			sourceTree = "<group>";
		};
		1BF9C5E82BD6D209009D73F4 /* Views */ = {
			isa = PBXGroup;
			children = (
				1BF9C5E92BD6D219009D73F4 /* UIKit Components */,
			);
			path = Views;
			sourceTree = "<group>";
		};
		1BF9C5E92BD6D219009D73F4 /* UIKit Components */ = {
			isa = PBXGroup;
			children = (
				1BF9C5E02BD6CB15009D73F4 /* ScannerView.swift */,
				1BF9C5DE2BD6C375009D73F4 /* ScannerViewController.swift */,
			);
			path = "UIKit Components";
			sourceTree = "<group>";
		};
		1BF9C5EA2BD6D257009D73F4 /* Utilities */ = {
			isa = PBXGroup;
			children = (
				1BF9C5E42BD6D153009D73F4 /* Alert.swift */,
			);
			path = Utilities;
			sourceTree = "<group>";
		};
/* End PBXGroup section */

/* Begin PBXNativeTarget section */
		1BF9C5CC2BD6BFA6009D73F4 /* barcode-scanner */ = {
			isa = PBXNativeTarget;
			buildConfigurationList = 1BF9C5DB2BD6BFA7009D73F4 /* Build configuration list for PBXNativeTarget "barcode-scanner" */;
			buildPhases = (
				1BF9C5C92BD6BFA6009D73F4 /* Sources */,
				1BF9C5CA2BD6BFA6009D73F4 /* Frameworks */,
				1BF9C5CB2BD6BFA6009D73F4 /* Resources */,
			);
			buildRules = (
			);
			dependencies = (
			);
			name = "barcode-scanner";
			productName = "barcode-scanner";
			productReference = 1BF9C5CD2BD6BFA6009D73F4 /* barcode-scanner.app */;
			productType = "com.apple.product-type.application";
		};
/* End PBXNativeTarget section */

/* Begin PBXProject section */
		1BF9C5C52BD6BFA6009D73F4 /* Project object */ = {
			isa = PBXProject;
			attributes = {
				BuildIndependentTargetsInParallel = 1;
				LastSwiftUpdateCheck = 1520;
				LastUpgradeCheck = 1520;
				TargetAttributes = {
					1BF9C5CC2BD6BFA6009D73F4 = {
						CreatedOnToolsVersion = 15.2;
					};
				};
			};
			buildConfigurationList = 1BF9C5C82BD6BFA6009D73F4 /* Build configuration list for PBXProject "barcode-scanner" */;
			compatibilityVersion = "Xcode 14.0";
			developmentRegion = en;
			hasScannedForEncodings = 0;
			knownRegions = (
				en,
				Base,
			);
			mainGroup = 1BF9C5C42BD6BFA6009D73F4;
			productRefGroup = 1BF9C5CE2BD6BFA6009D73F4 /* Products */;
			projectDirPath = "";
			projectRoot = "";
			targets = (
				1BF9C5CC2BD6BFA6009D73F4 /* barcode-scanner */,
			);
		};
/* End PBXProject section */

/* Begin PBXResourcesBuildPhase section */
		1BF9C5CB2BD6BFA6009D73F4 /* Resources */ = {
			isa = PBXResourcesBuildPhase;
			buildActionMask = 2147483647;
			files = (
				1BF9C5D82BD6BFA7009D73F4 /* Preview Assets.xcassets in Resources */,
				1BF9C5D52BD6BFA7009D73F4 /* Assets.xcassets in Resources */,
			);
			runOnlyForDeploymentPostprocessing = 0;
		};
/* End PBXResourcesBuildPhase section */

/* Begin PBXSourcesBuildPhase section */
		1BF9C5C92BD6BFA6009D73F4 /* Sources */ = {
			isa = PBXSourcesBuildPhase;
			buildActionMask = 2147483647;
			files = (
				1BF9C5E52BD6D153009D73F4 /* Alert.swift in Sources */,
				1BF9C5D32BD6BFA6009D73F4 /* BarcodeScannerView.swift in Sources */,
				1BF9C5E12BD6CB15009D73F4 /* ScannerView.swift in Sources */,
				1BF9C5DF2BD6C375009D73F4 /* ScannerViewController.swift in Sources */,
				1BF9C5E32BD6CEAD009D73F4 /* BarcodeScannerViewModel.swift in Sources */,
				1BF9C5D12BD6BFA6009D73F4 /* barcode_scannerApp.swift in Sources */,
			);
			runOnlyForDeploymentPostprocessing = 0;
		};
/* End PBXSourcesBuildPhase section */

/* Begin XCBuildConfiguration section */
		1BF9C5D92BD6BFA7009D73F4 /* Debug */ = {
			isa = XCBuildConfiguration;
			buildSettings = {
				ALWAYS_SEARCH_USER_PATHS = NO;
				ASSETCATALOG_COMPILER_GENERATE_SWIFT_ASSET_SYMBOL_EXTENSIONS = YES;
				CLANG_ANALYZER_NONNULL = YES;
				CLANG_ANALYZER_NUMBER_OBJECT_CONVERSION = YES_AGGRESSIVE;
				CLANG_CXX_LANGUAGE_STANDARD = "gnu++20";
				CLANG_ENABLE_MODULES = YES;
				CLANG_ENABLE_OBJC_ARC = YES;
				CLANG_ENABLE_OBJC_WEAK = YES;
				CLANG_WARN_BLOCK_CAPTURE_AUTORELEASING = YES;
				CLANG_WARN_BOOL_CONVERSION = YES;
				CLANG_WARN_COMMA = YES;
				CLANG_WARN_CONSTANT_CONVERSION = YES;
				CLANG_WARN_DEPRECATED_OBJC_IMPLEMENTATIONS = YES;
				CLANG_WARN_DIRECT_OBJC_ISA_USAGE = YES_ERROR;
				CLANG_WARN_DOCUMENTATION_COMMENTS = YES;
				CLANG_WARN_EMPTY_BODY = YES;
				CLANG_WARN_ENUM_CONVERSION = YES;
				CLANG_WARN_INFINITE_RECURSION = YES;
				CLANG_WARN_INT_CONVERSION = YES;
				CLANG_WARN_NON_LITERAL_NULL_CONVERSION = YES;
				CLANG_WARN_OBJC_IMPLICIT_RETAIN_SELF = YES;
				CLANG_WARN_OBJC_LITERAL_CONVERSION = YES;
				CLANG_WARN_OBJC_ROOT_CLASS = YES_ERROR;
				CLANG_WARN_QUOTED_INCLUDE_IN_FRAMEWORK_HEADER = YES;
				CLANG_WARN_RANGE_LOOP_ANALYSIS = YES;
				CLANG_WARN_STRICT_PROTOTYPES = YES;
				CLANG_WARN_SUSPICIOUS_MOVE = YES;
				CLANG_WARN_UNGUARDED_AVAILABILITY = YES_AGGRESSIVE;
				CLANG_WARN_UNREACHABLE_CODE = YES;
				CLANG_WARN__DUPLICATE_METHOD_MATCH = YES;
				COPY_PHASE_STRIP = NO;
				DEBUG_INFORMATION_FORMAT = dwarf;
				ENABLE_STRICT_OBJC_MSGSEND = YES;
				ENABLE_TESTABILITY = YES;
				ENABLE_USER_SCRIPT_SANDBOXING = YES;
				GCC_C_LANGUAGE_STANDARD = gnu17;
				GCC_DYNAMIC_NO_PIC = NO;
				GCC_NO_COMMON_BLOCKS = YES;
				GCC_OPTIMIZATION_LEVEL = 0;
				GCC_PREPROCESSOR_DEFINITIONS = (
					"DEBUG=1",
					"$(inherited)",
				);
				GCC_WARN_64_TO_32_BIT_CONVERSION = YES;
				GCC_WARN_ABOUT_RETURN_TYPE = YES_ERROR;
				GCC_WARN_UNDECLARED_SELECTOR = YES;
				GCC_WARN_UNINITIALIZED_AUTOS = YES_AGGRESSIVE;
				GCC_WARN_UNUSED_FUNCTION = YES;
				GCC_WARN_UNUSED_VARIABLE = YES;
				IPHONEOS_DEPLOYMENT_TARGET = 17.2;
				LOCALIZATION_PREFERS_STRING_CATALOGS = YES;
				MTL_ENABLE_DEBUG_INFO = INCLUDE_SOURCE;
				MTL_FAST_MATH = YES;
				ONLY_ACTIVE_ARCH = YES;
				SDKROOT = iphoneos;
				SWIFT_ACTIVE_COMPILATION_CONDITIONS = "DEBUG $(inherited)";
				SWIFT_OPTIMIZATION_LEVEL = "-Onone";
			};
			name = Debug;
		};
		1BF9C5DA2BD6BFA7009D73F4 /* Release */ = {
			isa = XCBuildConfiguration;
			buildSettings = {
				ALWAYS_SEARCH_USER_PATHS = NO;
				ASSETCATALOG_COMPILER_GENERATE_SWIFT_ASSET_SYMBOL_EXTENSIONS = YES;
				CLANG_ANALYZER_NONNULL = YES;
				CLANG_ANALYZER_NUMBER_OBJECT_CONVERSION = YES_AGGRESSIVE;
				CLANG_CXX_LANGUAGE_STANDARD = "gnu++20";
				CLANG_ENABLE_MODULES = YES;
				CLANG_ENABLE_OBJC_ARC = YES;
				CLANG_ENABLE_OBJC_WEAK = YES;
				CLANG_WARN_BLOCK_CAPTURE_AUTORELEASING = YES;
				CLANG_WARN_BOOL_CONVERSION = YES;
				CLANG_WARN_COMMA = YES;
				CLANG_WARN_CONSTANT_CONVERSION = YES;
				CLANG_WARN_DEPRECATED_OBJC_IMPLEMENTATIONS = YES;
				CLANG_WARN_DIRECT_OBJC_ISA_USAGE = YES_ERROR;
				CLANG_WARN_DOCUMENTATION_COMMENTS = YES;
				CLANG_WARN_EMPTY_BODY = YES;
				CLANG_WARN_ENUM_CONVERSION = YES;
				CLANG_WARN_INFINITE_RECURSION = YES;
				CLANG_WARN_INT_CONVERSION = YES;
				CLANG_WARN_NON_LITERAL_NULL_CONVERSION = YES;
				CLANG_WARN_OBJC_IMPLICIT_RETAIN_SELF = YES;
				CLANG_WARN_OBJC_LITERAL_CONVERSION = YES;
				CLANG_WARN_OBJC_ROOT_CLASS = YES_ERROR;
				CLANG_WARN_QUOTED_INCLUDE_IN_FRAMEWORK_HEADER = YES;
				CLANG_WARN_RANGE_LOOP_ANALYSIS = YES;
				CLANG_WARN_STRICT_PROTOTYPES = YES;
				CLANG_WARN_SUSPICIOUS_MOVE = YES;
				CLANG_WARN_UNGUARDED_AVAILABILITY = YES_AGGRESSIVE;
				CLANG_WARN_UNREACHABLE_CODE = YES;
				CLANG_WARN__DUPLICATE_METHOD_MATCH = YES;
				COPY_PHASE_STRIP = NO;
				DEBUG_INFORMATION_FORMAT = "dwarf-with-dsym";
				ENABLE_NS_ASSERTIONS = NO;
				ENABLE_STRICT_OBJC_MSGSEND = YES;
				ENABLE_USER_SCRIPT_SANDBOXING = YES;
				GCC_C_LANGUAGE_STANDARD = gnu17;
				GCC_NO_COMMON_BLOCKS = YES;
				GCC_WARN_64_TO_32_BIT_CONVERSION = YES;
				GCC_WARN_ABOUT_RETURN_TYPE = YES_ERROR;
				GCC_WARN_UNDECLARED_SELECTOR = YES;
				GCC_WARN_UNINITIALIZED_AUTOS = YES_AGGRESSIVE;
				GCC_WARN_UNUSED_FUNCTION = YES;
				GCC_WARN_UNUSED_VARIABLE = YES;
				IPHONEOS_DEPLOYMENT_TARGET = 17.2;
				LOCALIZATION_PREFERS_STRING_CATALOGS = YES;
				MTL_ENABLE_DEBUG_INFO = NO;
				MTL_FAST_MATH = YES;
				SDKROOT = iphoneos;
				SWIFT_COMPILATION_MODE = wholemodule;
				VALIDATE_PRODUCT = YES;
			};
			name = Release;
		};
		1BF9C5DC2BD6BFA7009D73F4 /* Debug */ = {
			isa = XCBuildConfiguration;
			buildSettings = {
				ASSETCATALOG_COMPILER_APPICON_NAME = AppIcon;
				ASSETCATALOG_COMPILER_GLOBAL_ACCENT_COLOR_NAME = AccentColor;
				CODE_SIGN_STYLE = Automatic;
				CURRENT_PROJECT_VERSION = 1;
				DEVELOPMENT_ASSET_PATHS = "\"barcode-scanner/Preview Content\"";
				ENABLE_PREVIEWS = YES;
				GENERATE_INFOPLIST_FILE = YES;
				INFOPLIST_KEY_NSCameraUsageDescription = "We need to use the camera to scan barcodes.";
				INFOPLIST_KEY_UIApplicationSceneManifest_Generation = YES;
				INFOPLIST_KEY_UIApplicationSupportsIndirectInputEvents = YES;
				INFOPLIST_KEY_UILaunchScreen_Generation = YES;
				INFOPLIST_KEY_UISupportedInterfaceOrientations_iPad = "UIInterfaceOrientationPortrait UIInterfaceOrientationPortraitUpsideDown UIInterfaceOrientationLandscapeLeft UIInterfaceOrientationLandscapeRight";
				INFOPLIST_KEY_UISupportedInterfaceOrientations_iPhone = "UIInterfaceOrientationPortrait UIInterfaceOrientationLandscapeLeft UIInterfaceOrientationLandscapeRight";
				LD_RUNPATH_SEARCH_PATHS = (
					"$(inherited)",
					"@executable_path/Frameworks",
				);
				MARKETING_VERSION = 1.0;
				PRODUCT_BUNDLE_IDENTIFIER = "com.barcode-scanner";
				PRODUCT_NAME = "$(TARGET_NAME)";
				SWIFT_EMIT_LOC_STRINGS = YES;
				SWIFT_VERSION = 5.0;
				TARGETED_DEVICE_FAMILY = "1,2";
			};
			name = Debug;
		};
		1BF9C5DD2BD6BFA7009D73F4 /* Release */ = {
			isa = XCBuildConfiguration;
			buildSettings = {
				ASSETCATALOG_COMPILER_APPICON_NAME = AppIcon;
				ASSETCATALOG_COMPILER_GLOBAL_ACCENT_COLOR_NAME = AccentColor;
				CODE_SIGN_STYLE = Automatic;
				CURRENT_PROJECT_VERSION = 1;
				DEVELOPMENT_ASSET_PATHS = "\"barcode-scanner/Preview Content\"";
				ENABLE_PREVIEWS = YES;
				GENERATE_INFOPLIST_FILE = YES;
				INFOPLIST_KEY_NSCameraUsageDescription = "We need to use the camera to scan barcodes.";
				INFOPLIST_KEY_UIApplicationSceneManifest_Generation = YES;
				INFOPLIST_KEY_UIApplicationSupportsIndirectInputEvents = YES;
				INFOPLIST_KEY_UILaunchScreen_Generation = YES;
				INFOPLIST_KEY_UISupportedInterfaceOrientations_iPad = "UIInterfaceOrientationPortrait UIInterfaceOrientationPortraitUpsideDown UIInterfaceOrientationLandscapeLeft UIInterfaceOrientationLandscapeRight";
				INFOPLIST_KEY_UISupportedInterfaceOrientations_iPhone = "UIInterfaceOrientationPortrait UIInterfaceOrientationLandscapeLeft UIInterfaceOrientationLandscapeRight";
				LD_RUNPATH_SEARCH_PATHS = (
					"$(inherited)",
					"@executable_path/Frameworks",
				);
				MARKETING_VERSION = 1.0;
				PRODUCT_BUNDLE_IDENTIFIER = "com.barcode-scanner";
				PRODUCT_NAME = "$(TARGET_NAME)";
				SWIFT_EMIT_LOC_STRINGS = YES;
				SWIFT_VERSION = 5.0;
				TARGETED_DEVICE_FAMILY = "1,2";
			};
			name = Release;
		};
/* End XCBuildConfiguration section */

/* Begin XCConfigurationList section */
		1BF9C5C82BD6BFA6009D73F4 /* Build configuration list for PBXProject "barcode-scanner" */ = {
			isa = XCConfigurationList;
			buildConfigurations = (
				1BF9C5D92BD6BFA7009D73F4 /* Debug */,
				1BF9C5DA2BD6BFA7009D73F4 /* Release */,
			);
			defaultConfigurationIsVisible = 0;
			defaultConfigurationName = Release;
		};
		1BF9C5DB2BD6BFA7009D73F4 /* Build configuration list for PBXNativeTarget "barcode-scanner" */ = {
			isa = XCConfigurationList;
			buildConfigurations = (
				1BF9C5DC2BD6BFA7009D73F4 /* Debug */,
				1BF9C5DD2BD6BFA7009D73F4 /* Release */,
			);
			defaultConfigurationIsVisible = 0;
			defaultConfigurationName = Release;
		};
/* End XCConfigurationList section */
	};
	rootObject = 1BF9C5C52BD6BFA6009D73F4 /* Project object */;
}
